
Microsoft Visual Studio Solution File, Format Version 12.00
# Visual Studio Version 16
VisualStudioVersion = 16.0.31613.86
MinimumVisualStudioVersion = 10.0.40219.1
Project("{FAE04EC0-301F-11D3-BF4B-00C04F79EFBC}") = "SimpleNN", "SimpleNN\SimpleNN.csproj", "{577686B0-4594-430C-83E9-B9EF854D9246}"
EndProject
Global
	GlobalSection(SolutionConfigurationPlatforms) = preSolution
		Debug|Any CPU = Debug|Any CPU
		Release|Any CPU = Release|Any CPU
	EndGlobalSection
	GlobalSection(ProjectConfigurationPlatforms) = postSolution
		{577686B0-4594-430C-83E9-B9EF854D9246}.Debug|Any CPU.ActiveCfg = Debug|Any CPU
		{577686B0-4594-430C-83E9-B9EF854D9246}.Debug|Any CPU.Build.0 = Debug|Any CPU
		{577686B0-4594-430C-83E9-B9EF854D9246}.Release|Any CPU.ActiveCfg = Release|Any CPU
		{577686B0-4594-430C-83E9-B9EF854D9246}.Release|Any CPU.Build.0 = Release|Any CPU
	EndGlobalSection
	GlobalSection(SolutionProperties) = preSolution
		HideSolutionNode = FALSE
	EndGlobalSection
	GlobalSection(ExtensibilityGlobals) = postSolution
		SolutionGuid = {44CA6834-CE5C-428A-AC60-76BF41223531}
	EndGlobalSection
EndGlobal
